<?xml version="1.0" encoding="utf-8"?>
<Project ToolsVersion="4.0" xmlns="http://schemas.microsoft.com/developer/msbuild/2003">
  <ItemGroup>
    <Filter Include="源文件">
      <UniqueIdentifier>{4FC737F1-C7A5-4376-A066-2A32D752A2FF}</UniqueIdentifier>
      <Extensions>cpp;c;cc;cxx;def;odl;idl;hpj;bat;asm;asmx</Extensions>
    </Filter>
    <Filter Include="头文件">
      <UniqueIdentifier>{93995380-89BD-4b04-88EB-625FBE52EBFB}</UniqueIdentifier>
      <Extensions>h;hh;hpp;hxx;hm;inl;inc;ipp;xsd</Extensions>
    </Filter>
    <Filter Include="资源文件">
      <UniqueIdentifier>{67DA6AB6-F800-4c08-8B7A-83BB121AAD01}</UniqueIdentifier>
      <Extensions>rc;ico;cur;bmp;dlg;rc2;rct;bin;rgs;gif;jpg;jpeg;jpe;resx;tiff;tif;png;wav;mfcribbon-ms</Extensions>
    </Filter>
    <Filter Include="头文件\test">
      <UniqueIdentifier>{c9210369-bb45-400c-9988-26118ffdeb56}</UniqueIdentifier>
    </Filter>
  </ItemGroup>
  <ItemGroup>
    <ClInclude Include="config.h">
      <Filter>头文件</Filter>
    </ClInclude>
    <ClInclude Include="removeElement.h">
      <Filter>头文件</Filter>
    </ClInclude>
    <ClInclude Include="findMedianSortedArrays.h">
      <Filter>头文件</Filter>
    </ClInclude>
    <ClInclude Include="reverse.h">
      <Filter>头文件</Filter>
    </ClInclude>
    <ClInclude Include="reverseList.h">
      <Filter>头文件</Filter>
    </ClInclude>
    <ClInclude Include="swapHead.h">
      <Filter>头文件</Filter>
    </ClInclude>
    <ClInclude Include="reverseWords.h">
      <Filter>头文件</Filter>
    </ClInclude>
    <ClInclude Include="productExceptSelf.h">
      <Filter>头文件</Filter>
    </ClInclude>
    <ClInclude Include="containsDuplicate.h">
      <Filter>头文件</Filter>
    </ClInclude>
    <ClInclude Include="..\3rd\dbg\dbg.h">
      <Filter>头文件</Filter>
    </ClInclude>
    <ClInclude Include="singleNumber.h">
      <Filter>头文件</Filter>
    </ClInclude>
    <ClInclude Include="climbStairs.h">
      <Filter>头文件</Filter>
    </ClInclude>
    <ClInclude Include="deleteNode.h">
      <Filter>头文件</Filter>
    </ClInclude>
    <ClInclude Include="majorityElement.h">
      <Filter>头文件</Filter>
    </ClInclude>
    <ClInclude Include="isValid.h">
      <Filter>头文件</Filter>
    </ClInclude>
    <ClInclude Include="longestCommonPrefix.h">
      <Filter>头文件</Filter>
    </ClInclude>
    <ClInclude Include="mergeTwoLists.h">
      <Filter>头文件</Filter>
    </ClInclude>
    <ClInclude Include="merge.h">
      <Filter>头文件</Filter>
    </ClInclude>
    <ClInclude Include="removeDuplicates.h">
      <Filter>头文件</Filter>
    </ClInclude>
    <ClInclude Include="maxProfit.h">
      <Filter>头文件</Filter>
    </ClInclude>
    <ClInclude Include="isPalindrome.h">
      <Filter>头文件</Filter>
    </ClInclude>
    <ClInclude Include="strStr.h">
      <Filter>头文件</Filter>
    </ClInclude>
    <ClInclude Include="searchInsert.h">
      <Filter>头文件</Filter>
    </ClInclude>
    <ClInclude Include="addBinary.h">
      <Filter>头文件</Filter>
    </ClInclude>
    <ClInclude Include="maxDepth.h">
      <Filter>头文件</Filter>
    </ClInclude>
    <ClInclude Include="_1114.h">
      <Filter>头文件</Filter>
    </ClInclude>
    <ClInclude Include="MinStack.h">
      <Filter>头文件</Filter>
    </ClInclude>
    <ClInclude Include="addTwoNumbers.h">
      <Filter>头文件</Filter>
    </ClInclude>
    <ClInclude Include="_100.h">
      <Filter>头文件</Filter>
    </ClInclude>
    <ClInclude Include="_101.h">
      <Filter>头文件</Filter>
    </ClInclude>
    <ClInclude Include="_102.h">
      <Filter>头文件</Filter>
    </ClInclude>
    <ClInclude Include="_107.h">
      <Filter>头文件</Filter>
    </ClInclude>
    <ClInclude Include="_226.h">
      <Filter>头文件</Filter>
    </ClInclude>
    <ClInclude Include="_112.h">
      <Filter>头文件</Filter>
    </ClInclude>
    <ClInclude Include="_94.h">
      <Filter>头文件</Filter>
    </ClInclude>
    <ClInclude Include="m_10.h">
      <Filter>头文件</Filter>
    </ClInclude>
    <ClInclude Include="m_64.h">
      <Filter>头文件</Filter>
    </ClInclude>
    <ClInclude Include="m_09.h">
      <Filter>头文件</Filter>
    </ClInclude>
    <ClInclude Include="m_39.h">
      <Filter>头文件</Filter>
    </ClInclude>
    <ClInclude Include="m_29.h">
      <Filter>头文件</Filter>
    </ClInclude>
    <ClInclude Include="_53.h">
      <Filter>头文件</Filter>
    </ClInclude>
    <ClInclude Include="m_03.h">
      <Filter>头文件</Filter>
    </ClInclude>
    <ClInclude Include="m_57.h">
      <Filter>头文件</Filter>
    </ClInclude>
    <ClInclude Include="..\3rd\catch2\catch.hpp">
      <Filter>头文件\test</Filter>
    </ClInclude>
    <ClInclude Include="m_15.h">
      <Filter>头文件</Filter>
    </ClInclude>
  </ItemGroup>
  <ItemGroup>
    <ClCompile Include="main.cpp">
      <Filter>源文件</Filter>
    </ClCompile>
  </ItemGroup>
</Project>